Microsoft Visual Studio Solution File, Format Version 12.00
# Visual Studio Version 17
VisualStudioVersion = 17.5.2.0
MinimumVisualStudioVersion = 10.0.40219.1
Project("{FAE04EC0-301F-11D3-BF4B-00C04F79EFBC}") = "SameTeamAPI", "SameTeamAPI.csproj", "{163CA7F5-B3C1-BEE3-2CA9-8899EE4881C9}"
EndProject
Global
	GlobalSection(SolutionConfigurationPlatforms) = preSolution
		Debug|Any CPU = Debug|Any CPU
		Release|Any CPU = Release|Any CPU
	EndGlobalSection
	GlobalSection(ProjectConfigurationPlatforms) = postSolution
		{163CA7F5-B3C1-BEE3-2CA9-8899EE4881C9}.Debug|Any CPU.ActiveCfg = Debug|Any CPU
		{163CA7F5-B3C1-BEE3-2CA9-8899EE4881C9}.Debug|Any CPU.Build.0 = Debug|Any CPU
		{163CA7F5-B3C1-BEE3-2CA9-8899EE4881C9}.Release|Any CPU.ActiveCfg = Release|Any CPU
		{163CA7F5-B3C1-BEE3-2CA9-8899EE4881C9}.Release|Any CPU.Build.0 = Release|Any CPU
	EndGlobalSection
	GlobalSection(SolutionProperties) = preSolution
		HideSolutionNode = FALSE
	EndGlobalSection
	GlobalSection(ExtensibilityGlobals) = postSolution
		SolutionGuid = {C8F93D8B-F801-4DE3-A21B-86C789C54F8B}
	EndGlobalSection
EndGlobal
